// !$*UTF8*$!
{
	archiveVersion = 1;
	classes = {
	};
	objectVersion = 46;
	objects = {

/* Begin PBXBuildFile section */
		B91BFC191EFD509C00E80B11 /* Lang.swift in Sources */ = {isa = PBXBuildFile; fileRef = B91BFC181EFD509C00E80B11 /* Lang.swift */; };
		B91BFC1D1EFD630300E80B11 /* Favorit.swift in Sources */ = {isa = PBXBuildFile; fileRef = B91BFC1C1EFD630300E80B11 /* Favorit.swift */; };
		B938978D1EF99E7C00231807 /* AppDelegate.swift in Sources */ = {isa = PBXBuildFile; fileRef = B938978C1EF99E7C00231807 /* AppDelegate.swift */; };
		B93897921EF99E7C00231807 /* Main.storyboard in Resources */ = {isa = PBXBuildFile; fileRef = B93897901EF99E7C00231807 /* Main.storyboard */; };
		B93897941EF99E7C00231807 /* Assets.xcassets in Resources */ = {isa = PBXBuildFile; fileRef = B93897931EF99E7C00231807 /* Assets.xcassets */; };
		B93897971EF99E7C00231807 /* LaunchScreen.storyboard in Resources */ = {isa = PBXBuildFile; fileRef = B93897951EF99E7C00231807 /* LaunchScreen.storyboard */; };
		B93897A21EF99E7D00231807 /* tBotTests.swift in Sources */ = {isa = PBXBuildFile; fileRef = B93897A11EF99E7D00231807 /* tBotTests.swift */; };
		B93897B01EF99F7900231807 /* SwiftHTTP.framework in Frameworks */ = {isa = PBXBuildFile; fileRef = B93897AD1EF99F7900231807 /* SwiftHTTP.framework */; };
		B93897B11EF99F7900231807 /* SwiftyBeaver.framework in Frameworks */ = {isa = PBXBuildFile; fileRef = B93897AE1EF99F7900231807 /* SwiftyBeaver.framework */; };
		B93897B21EF99F7900231807 /* SwiftyJSON.framework in Frameworks */ = {isa = PBXBuildFile; fileRef = B93897AF1EF99F7900231807 /* SwiftyJSON.framework */; };
		B93897B41EF99F8A00231807 /* SwiftHTTP.framework in CopyFiles */ = {isa = PBXBuildFile; fileRef = B93897AD1EF99F7900231807 /* SwiftHTTP.framework */; settings = {ATTRIBUTES = (CodeSignOnCopy, RemoveHeadersOnCopy, ); }; };
		B93897B51EF99F8A00231807 /* SwiftyBeaver.framework in CopyFiles */ = {isa = PBXBuildFile; fileRef = B93897AE1EF99F7900231807 /* SwiftyBeaver.framework */; settings = {ATTRIBUTES = (CodeSignOnCopy, RemoveHeadersOnCopy, ); }; };
		B93897B61EF99F8A00231807 /* SwiftyJSON.framework in CopyFiles */ = {isa = PBXBuildFile; fileRef = B93897AF1EF99F7900231807 /* SwiftyJSON.framework */; settings = {ATTRIBUTES = (CodeSignOnCopy, RemoveHeadersOnCopy, ); }; };
		B93897BA1EF9A03E00231807 /* ClientAPI.swift in Sources */ = {isa = PBXBuildFile; fileRef = B93897B91EF9A03E00231807 /* ClientAPI.swift */; };
		B93897BD1EF9A33200231807 /* SwiftHTTP.framework in CopyFiles */ = {isa = PBXBuildFile; fileRef = B93897AD1EF99F7900231807 /* SwiftHTTP.framework */; settings = {ATTRIBUTES = (CodeSignOnCopy, RemoveHeadersOnCopy, ); }; };
		B93897BE1EF9A33200231807 /* SwiftyBeaver.framework in CopyFiles */ = {isa = PBXBuildFile; fileRef = B93897AE1EF99F7900231807 /* SwiftyBeaver.framework */; settings = {ATTRIBUTES = (CodeSignOnCopy, RemoveHeadersOnCopy, ); }; };
		B93897BF1EF9A33200231807 /* SwiftyJSON.framework in CopyFiles */ = {isa = PBXBuildFile; fileRef = B93897AF1EF99F7900231807 /* SwiftyJSON.framework */; settings = {ATTRIBUTES = (CodeSignOnCopy, RemoveHeadersOnCopy, ); }; };
		B93897C21EFA5C4400231807 /* Translate.swift in Sources */ = {isa = PBXBuildFile; fileRef = B93897C11EFA5C4400231807 /* Translate.swift */; };
		B93897C41EFA69EC00231807 /* ResponseCode.swift in Sources */ = {isa = PBXBuildFile; fileRef = B93897C31EFA69EC00231807 /* ResponseCode.swift */; };
		B93897C81EFAB63C00231807 /* MessageBotTableViewCell.swift in Sources */ = {isa = PBXBuildFile; fileRef = B93897C71EFAB63C00231807 /* MessageBotTableViewCell.swift */; };
		B93897CB1EFAB68100231807 /* BotViewController.swift in Sources */ = {isa = PBXBuildFile; fileRef = B93897CA1EFAB68100231807 /* BotViewController.swift */; };
		B93897CE1EFAB94300231807 /* TypeMessage.swift in Sources */ = {isa = PBXBuildFile; fileRef = B93897CD1EFAB94300231807 /* TypeMessage.swift */; };
		B93897D01EFAC09800231807 /* Message.swift in Sources */ = {isa = PBXBuildFile; fileRef = B93897CF1EFAC09800231807 /* Message.swift */; };
		B93897D31EFAC34B00231807 /* UIColor+ColorSchema.swift in Sources */ = {isa = PBXBuildFile; fileRef = B93897D21EFAC34B00231807 /* UIColor+ColorSchema.swift */; };
		B93897D61EFAD80500231807 /* MessageLabel.swift in Sources */ = {isa = PBXBuildFile; fileRef = B93897D51EFAD80500231807 /* MessageLabel.swift */; };
		B93897DB1EFBD5ED00231807 /* Realm.framework in Frameworks */ = {isa = PBXBuildFile; fileRef = B93897D91EFBD5ED00231807 /* Realm.framework */; };
		B93897DC1EFBD5ED00231807 /* RealmSwift.framework in Frameworks */ = {isa = PBXBuildFile; fileRef = B93897DA1EFBD5ED00231807 /* RealmSwift.framework */; };
		B93897DD1EFBD5F700231807 /* Realm.framework in CopyFiles */ = {isa = PBXBuildFile; fileRef = B93897D91EFBD5ED00231807 /* Realm.framework */; settings = {ATTRIBUTES = (CodeSignOnCopy, RemoveHeadersOnCopy, ); }; };
		B93897DE1EFBD5F700231807 /* RealmSwift.framework in CopyFiles */ = {isa = PBXBuildFile; fileRef = B93897DA1EFBD5ED00231807 /* RealmSwift.framework */; settings = {ATTRIBUTES = (CodeSignOnCopy, RemoveHeadersOnCopy, ); }; };
		B93897E31EFD077000231807 /* RealmHelper.swift in Sources */ = {isa = PBXBuildFile; fileRef = B93897E21EFD077000231807 /* RealmHelper.swift */; };
		B93897E51EFD14F300231807 /* MessageUserTableViewCell.swift in Sources */ = {isa = PBXBuildFile; fileRef = B93897E41EFD14F300231807 /* MessageUserTableViewCell.swift */; };
		B93897E81EFD418100231807 /* Realm.framework in CopyFiles */ = {isa = PBXBuildFile; fileRef = B93897D91EFBD5ED00231807 /* Realm.framework */; settings = {ATTRIBUTES = (CodeSignOnCopy, RemoveHeadersOnCopy, ); }; };
		B93897E91EFD418100231807 /* RealmSwift.framework in CopyFiles */ = {isa = PBXBuildFile; fileRef = B93897DA1EFBD5ED00231807 /* RealmSwift.framework */; settings = {ATTRIBUTES = (CodeSignOnCopy, RemoveHeadersOnCopy, ); }; };
/* End PBXBuildFile section */

/* Begin PBXContainerItemProxy section */
		B938979E1EF99E7D00231807 /* PBXContainerItemProxy */ = {
			isa = PBXContainerItemProxy;
			containerPortal = B93897811EF99E7C00231807 /* Project object */;
			proxyType = 1;
			remoteGlobalIDString = B93897881EF99E7C00231807;
			remoteInfo = tBot;
		};
/* End PBXContainerItemProxy section */

/* Begin PBXCopyFilesBuildPhase section */
		B93897B31EF99F8000231807 /* CopyFiles */ = {
			isa = PBXCopyFilesBuildPhase;
			buildActionMask = 2147483647;
			dstPath = "";
			dstSubfolderSpec = 10;
			files = (
				B93897DD1EFBD5F700231807 /* Realm.framework in CopyFiles */,
				B93897DE1EFBD5F700231807 /* RealmSwift.framework in CopyFiles */,
				B93897B41EF99F8A00231807 /* SwiftHTTP.framework in CopyFiles */,
				B93897B51EF99F8A00231807 /* SwiftyBeaver.framework in CopyFiles */,
				B93897B61EF99F8A00231807 /* SwiftyJSON.framework in CopyFiles */,
			);
			runOnlyForDeploymentPostprocessing = 0;
		};
		B93897BC1EF9A32600231807 /* CopyFiles */ = {
			isa = PBXCopyFilesBuildPhase;
			buildActionMask = 2147483647;
			dstPath = "";
			dstSubfolderSpec = 10;
			files = (
				B93897E81EFD418100231807 /* Realm.framework in CopyFiles */,
				B93897E91EFD418100231807 /* RealmSwift.framework in CopyFiles */,
				B93897BD1EF9A33200231807 /* SwiftHTTP.framework in CopyFiles */,
				B93897BE1EF9A33200231807 /* SwiftyBeaver.framework in CopyFiles */,
				B93897BF1EF9A33200231807 /* SwiftyJSON.framework in CopyFiles */,
			);
			runOnlyForDeploymentPostprocessing = 0;
		};
/* End PBXCopyFilesBuildPhase section */

/* Begin PBXFileReference section */
		B91BFC181EFD509C00E80B11 /* Lang.swift */ = {isa = PBXFileReference; fileEncoding = 4; lastKnownFileType = sourcecode.swift; path = Lang.swift; sourceTree = "<group>"; };
		B91BFC1C1EFD630300E80B11 /* Favorit.swift */ = {isa = PBXFileReference; fileEncoding = 4; lastKnownFileType = sourcecode.swift; path = Favorit.swift; sourceTree = "<group>"; };
		B93897891EF99E7C00231807 /* tBot.app */ = {isa = PBXFileReference; explicitFileType = wrapper.application; includeInIndex = 0; path = tBot.app; sourceTree = BUILT_PRODUCTS_DIR; };
		B938978C1EF99E7C00231807 /* AppDelegate.swift */ = {isa = PBXFileReference; lastKnownFileType = sourcecode.swift; path = AppDelegate.swift; sourceTree = "<group>"; };
		B93897911EF99E7C00231807 /* Base */ = {isa = PBXFileReference; lastKnownFileType = file.storyboard; name = Base; path = Base.lproj/Main.storyboard; sourceTree = "<group>"; };
		B93897931EF99E7C00231807 /* Assets.xcassets */ = {isa = PBXFileReference; lastKnownFileType = folder.assetcatalog; path = Assets.xcassets; sourceTree = "<group>"; };
		B93897961EF99E7C00231807 /* Base */ = {isa = PBXFileReference; lastKnownFileType = file.storyboard; name = Base; path = Base.lproj/LaunchScreen.storyboard; sourceTree = "<group>"; };
		B93897981EF99E7C00231807 /* Info.plist */ = {isa = PBXFileReference; lastKnownFileType = text.plist.xml; path = Info.plist; sourceTree = "<group>"; };
		B938979D1EF99E7D00231807 /* tBotTests.xctest */ = {isa = PBXFileReference; explicitFileType = wrapper.cfbundle; includeInIndex = 0; path = tBotTests.xctest; sourceTree = BUILT_PRODUCTS_DIR; };
		B93897A11EF99E7D00231807 /* tBotTests.swift */ = {isa = PBXFileReference; lastKnownFileType = sourcecode.swift; path = tBotTests.swift; sourceTree = "<group>"; };
		B93897A31EF99E7D00231807 /* Info.plist */ = {isa = PBXFileReference; lastKnownFileType = text.plist.xml; path = Info.plist; sourceTree = "<group>"; };
		B93897AD1EF99F7900231807 /* SwiftHTTP.framework */ = {isa = PBXFileReference; lastKnownFileType = wrapper.framework; name = SwiftHTTP.framework; path = Carthage/Build/iOS/SwiftHTTP.framework; sourceTree = "<group>"; };
		B93897AE1EF99F7900231807 /* SwiftyBeaver.framework */ = {isa = PBXFileReference; lastKnownFileType = wrapper.framework; name = SwiftyBeaver.framework; path = Carthage/Build/iOS/SwiftyBeaver.framework; sourceTree = "<group>"; };
		B93897AF1EF99F7900231807 /* SwiftyJSON.framework */ = {isa = PBXFileReference; lastKnownFileType = wrapper.framework; name = SwiftyJSON.framework; path = Carthage/Build/iOS/SwiftyJSON.framework; sourceTree = "<group>"; };
		B93897B91EF9A03E00231807 /* ClientAPI.swift */ = {isa = PBXFileReference; fileEncoding = 4; lastKnownFileType = sourcecode.swift; path = ClientAPI.swift; sourceTree = "<group>"; };
		B93897C11EFA5C4400231807 /* Translate.swift */ = {isa = PBXFileReference; fileEncoding = 4; lastKnownFileType = sourcecode.swift; path = Translate.swift; sourceTree = "<group>"; };
		B93897C31EFA69EC00231807 /* ResponseCode.swift */ = {isa = PBXFileReference; fileEncoding = 4; lastKnownFileType = sourcecode.swift; path = ResponseCode.swift; sourceTree = "<group>"; };
		B93897C71EFAB63C00231807 /* MessageBotTableViewCell.swift */ = {isa = PBXFileReference; fileEncoding = 4; lastKnownFileType = sourcecode.swift; path = MessageBotTableViewCell.swift; sourceTree = "<group>"; };
		B93897CA1EFAB68100231807 /* BotViewController.swift */ = {isa = PBXFileReference; fileEncoding = 4; lastKnownFileType = sourcecode.swift; path = BotViewController.swift; sourceTree = "<group>"; };
		B93897CD1EFAB94300231807 /* TypeMessage.swift */ = {isa = PBXFileReference; fileEncoding = 4; lastKnownFileType = sourcecode.swift; path = TypeMessage.swift; sourceTree = "<group>"; };
		B93897CF1EFAC09800231807 /* Message.swift */ = {isa = PBXFileReference; fileEncoding = 4; lastKnownFileType = sourcecode.swift; path = Message.swift; sourceTree = "<group>"; };
		B93897D21EFAC34B00231807 /* UIColor+ColorSchema.swift */ = {isa = PBXFileReference; fileEncoding = 4; lastKnownFileType = sourcecode.swift; path = "UIColor+ColorSchema.swift"; sourceTree = "<group>"; };
		B93897D51EFAD80500231807 /* MessageLabel.swift */ = {isa = PBXFileReference; fileEncoding = 4; lastKnownFileType = sourcecode.swift; path = MessageLabel.swift; sourceTree = "<group>"; };
		B93897D91EFBD5ED00231807 /* Realm.framework */ = {isa = PBXFileReference; lastKnownFileType = wrapper.framework; name = Realm.framework; path = Carthage/Build/iOS/Realm.framework; sourceTree = "<group>"; };
		B93897DA1EFBD5ED00231807 /* RealmSwift.framework */ = {isa = PBXFileReference; lastKnownFileType = wrapper.framework; name = RealmSwift.framework; path = Carthage/Build/iOS/RealmSwift.framework; sourceTree = "<group>"; };
		B93897E21EFD077000231807 /* RealmHelper.swift */ = {isa = PBXFileReference; fileEncoding = 4; lastKnownFileType = sourcecode.swift; path = RealmHelper.swift; sourceTree = "<group>"; };
		B93897E41EFD14F300231807 /* MessageUserTableViewCell.swift */ = {isa = PBXFileReference; fileEncoding = 4; lastKnownFileType = sourcecode.swift; path = MessageUserTableViewCell.swift; sourceTree = "<group>"; };
/* End PBXFileReference section */

/* Begin PBXFrameworksBuildPhase section */
		B93897861EF99E7C00231807 /* Frameworks */ = {
			isa = PBXFrameworksBuildPhase;
			buildActionMask = 2147483647;
			files = (
				B93897DB1EFBD5ED00231807 /* Realm.framework in Frameworks */,
				B93897DC1EFBD5ED00231807 /* RealmSwift.framework in Frameworks */,
				B93897B01EF99F7900231807 /* SwiftHTTP.framework in Frameworks */,
				B93897B11EF99F7900231807 /* SwiftyBeaver.framework in Frameworks */,
				B93897B21EF99F7900231807 /* SwiftyJSON.framework in Frameworks */,
			);
			runOnlyForDeploymentPostprocessing = 0;
		};
		B938979A1EF99E7D00231807 /* Frameworks */ = {
			isa = PBXFrameworksBuildPhase;
			buildActionMask = 2147483647;
			files = (
			);
			runOnlyForDeploymentPostprocessing = 0;
		};
/* End PBXFrameworksBuildPhase section */

/* Begin PBXGroup section */
		B91BFC1B1EFD62C200E80B11 /* Entity */ = {
			isa = PBXGroup;
			children = (
				B93897CF1EFAC09800231807 /* Message.swift */,
				B91BFC1C1EFD630300E80B11 /* Favorit.swift */,
			);
			name = Entity;
			sourceTree = "<group>";
		};
		B93897801EF99E7C00231807 = {
			isa = PBXGroup;
			children = (
				B938978B1EF99E7C00231807 /* tBot */,
				B93897A01EF99E7D00231807 /* tBotTests */,
				B938978A1EF99E7C00231807 /* Products */,
				B93897AC1EF99F7900231807 /* Frameworks */,
			);
			sourceTree = "<group>";
		};
		B938978A1EF99E7C00231807 /* Products */ = {
			isa = PBXGroup;
			children = (
				B93897891EF99E7C00231807 /* tBot.app */,
				B938979D1EF99E7D00231807 /* tBotTests.xctest */,
			);
			name = Products;
			sourceTree = "<group>";
		};
		B938978B1EF99E7C00231807 /* tBot */ = {
			isa = PBXGroup;
			children = (
				B93897901EF99E7C00231807 /* Main.storyboard */,
				B93897D11EFAC0C200231807 /* Models */,
				B93897B71EF99FDD00231807 /* SupportFiles */,
				B93897C91EFAB64100231807 /* Views */,
				B93897CC1EFAB68800231807 /* Controllers */,
				B93897D41EFAC35000231807 /* Helpers */,
			);
			path = tBot;
			sourceTree = "<group>";
		};
		B93897A01EF99E7D00231807 /* tBotTests */ = {
			isa = PBXGroup;
			children = (
				B93897A11EF99E7D00231807 /* tBotTests.swift */,
				B93897A31EF99E7D00231807 /* Info.plist */,
			);
			path = tBotTests;
			sourceTree = "<group>";
		};
		B93897AC1EF99F7900231807 /* Frameworks */ = {
			isa = PBXGroup;
			children = (
				B93897D91EFBD5ED00231807 /* Realm.framework */,
				B93897DA1EFBD5ED00231807 /* RealmSwift.framework */,
				B93897AD1EF99F7900231807 /* SwiftHTTP.framework */,
				B93897AE1EF99F7900231807 /* SwiftyBeaver.framework */,
				B93897AF1EF99F7900231807 /* SwiftyJSON.framework */,
			);
			name = Frameworks;
			sourceTree = "<group>";
		};
		B93897B71EF99FDD00231807 /* SupportFiles */ = {
			isa = PBXGroup;
			children = (
				B938978C1EF99E7C00231807 /* AppDelegate.swift */,
				B93897931EF99E7C00231807 /* Assets.xcassets */,
				B93897951EF99E7C00231807 /* LaunchScreen.storyboard */,
				B93897981EF99E7C00231807 /* Info.plist */,
			);
			name = SupportFiles;
			sourceTree = "<group>";
		};
		B93897B81EF9A01F00231807 /* ClientAPI */ = {
			isa = PBXGroup;
			children = (
				B93897C01EFA5C2E00231807 /* Entity */,
				B93897B91EF9A03E00231807 /* ClientAPI.swift */,
				B93897C31EFA69EC00231807 /* ResponseCode.swift */,
			);
			name = ClientAPI;
			sourceTree = "<group>";
		};
		B93897C01EFA5C2E00231807 /* Entity */ = {
			isa = PBXGroup;
			children = (
				B93897C11EFA5C4400231807 /* Translate.swift */,
				B91BFC181EFD509C00E80B11 /* Lang.swift */,
			);
			name = Entity;
			sourceTree = "<group>";
		};
		B93897C91EFAB64100231807 /* Views */ = {
			isa = PBXGroup;
			children = (
				B93897E41EFD14F300231807 /* MessageUserTableViewCell.swift */,
				B93897C71EFAB63C00231807 /* MessageBotTableViewCell.swift */,
				B93897D51EFAD80500231807 /* MessageLabel.swift */,
			);
			name = Views;
			sourceTree = "<group>";
		};
		B93897CC1EFAB68800231807 /* Controllers */ = {
			isa = PBXGroup;
			children = (
				B93897CA1EFAB68100231807 /* BotViewController.swift */,
			);
			name = Controllers;
			sourceTree = "<group>";
		};
		B93897D11EFAC0C200231807 /* Models */ = {
			isa = PBXGroup;
			children = (
				B93897E11EFD075D00231807 /* Realm */,
				B93897B81EF9A01F00231807 /* ClientAPI */,
			);
			name = Models;
			sourceTree = "<group>";
		};
		B93897D41EFAC35000231807 /* Helpers */ = {
			isa = PBXGroup;
			children = (
				B93897D21EFAC34B00231807 /* UIColor+ColorSchema.swift */,
			);
			name = Helpers;
			sourceTree = "<group>";
		};
		B93897E11EFD075D00231807 /* Realm */ = {
			isa = PBXGroup;
			children = (
				B91BFC1B1EFD62C200E80B11 /* Entity */,
				B93897CD1EFAB94300231807 /* TypeMessage.swift */,
				B93897E21EFD077000231807 /* RealmHelper.swift */,
			);
			name = Realm;
			sourceTree = "<group>";
		};
/* End PBXGroup section */

/* Begin PBXNativeTarget section */
		B93897881EF99E7C00231807 /* tBot */ = {
			isa = PBXNativeTarget;
			buildConfigurationList = B93897A61EF99E7D00231807 /* Build configuration list for PBXNativeTarget "tBot" */;
			buildPhases = (
				B93897851EF99E7C00231807 /* Sources */,
				B93897861EF99E7C00231807 /* Frameworks */,
				B93897871EF99E7C00231807 /* Resources */,
				B93897B31EF99F8000231807 /* CopyFiles */,
			);
			buildRules = (
			);
			dependencies = (
			);
			name = tBot;
			productName = tBot;
			productReference = B93897891EF99E7C00231807 /* tBot.app */;
			productType = "com.apple.product-type.application";
		};
		B938979C1EF99E7D00231807 /* tBotTests */ = {
			isa = PBXNativeTarget;
			buildConfigurationList = B93897A91EF99E7D00231807 /* Build configuration list for PBXNativeTarget "tBotTests" */;
			buildPhases = (
				B93897991EF99E7D00231807 /* Sources */,
				B938979A1EF99E7D00231807 /* Frameworks */,
				B938979B1EF99E7D00231807 /* Resources */,
				B93897BC1EF9A32600231807 /* CopyFiles */,
			);
			buildRules = (
			);
			dependencies = (
				B938979F1EF99E7D00231807 /* PBXTargetDependency */,
			);
			name = tBotTests;
			productName = tBotTests;
			productReference = B938979D1EF99E7D00231807 /* tBotTests.xctest */;
			productType = "com.apple.product-type.bundle.unit-test";
		};
/* End PBXNativeTarget section */

/* Begin PBXProject section */
		B93897811EF99E7C00231807 /* Project object */ = {
			isa = PBXProject;
			attributes = {
				LastSwiftUpdateCheck = 0830;
				LastUpgradeCheck = 0830;
				ORGANIZATIONNAME = "Сергей Мельников";
				TargetAttributes = {
					B93897881EF99E7C00231807 = {
						CreatedOnToolsVersion = 8.3.3;
						DevelopmentTeam = VABTQXHL78;
						ProvisioningStyle = Automatic;
					};
					B938979C1EF99E7D00231807 = {
						CreatedOnToolsVersion = 8.3.3;
						DevelopmentTeam = VABTQXHL78;
						ProvisioningStyle = Automatic;
						TestTargetID = B93897881EF99E7C00231807;
					};
				};
			};
			buildConfigurationList = B93897841EF99E7C00231807 /* Build configuration list for PBXProject "tBot" */;
			compatibilityVersion = "Xcode 3.2";
			developmentRegion = English;
			hasScannedForEncodings = 0;
			knownRegions = (
				en,
				Base,
			);
			mainGroup = B93897801EF99E7C00231807;
			productRefGroup = B938978A1EF99E7C00231807 /* Products */;
			projectDirPath = "";
			projectRoot = "";
			targets = (
				B93897881EF99E7C00231807 /* tBot */,
				B938979C1EF99E7D00231807 /* tBotTests */,
			);
		};
/* End PBXProject section */

/* Begin PBXResourcesBuildPhase section */
		B93897871EF99E7C00231807 /* Resources */ = {
			isa = PBXResourcesBuildPhase;
			buildActionMask = 2147483647;
			files = (
				B93897971EF99E7C00231807 /* LaunchScreen.storyboard in Resources */,
				B93897941EF99E7C00231807 /* Assets.xcassets in Resources */,
				B93897921EF99E7C00231807 /* Main.storyboard in Resources */,
			);
			runOnlyForDeploymentPostprocessing = 0;
		};
		B938979B1EF99E7D00231807 /* Resources */ = {
			isa = PBXResourcesBuildPhase;
			buildActionMask = 2147483647;
			files = (
			);
			runOnlyForDeploymentPostprocessing = 0;
		};
/* End PBXResourcesBuildPhase section */

/* Begin PBXSourcesBuildPhase section */
		B93897851EF99E7C00231807 /* Sources */ = {
			isa = PBXSourcesBuildPhase;
			buildActionMask = 2147483647;
			files = (
				B93897D31EFAC34B00231807 /* UIColor+ColorSchema.swift in Sources */,
				B93897E31EFD077000231807 /* RealmHelper.swift in Sources */,
				B938978D1EF99E7C00231807 /* AppDelegate.swift in Sources */,
				B91BFC191EFD509C00E80B11 /* Lang.swift in Sources */,
				B93897D61EFAD80500231807 /* MessageLabel.swift in Sources */,
				B93897E51EFD14F300231807 /* MessageUserTableViewCell.swift in Sources */,
				B93897CE1EFAB94300231807 /* TypeMessage.swift in Sources */,
				B93897BA1EF9A03E00231807 /* ClientAPI.swift in Sources */,
				B93897CB1EFAB68100231807 /* BotViewController.swift in Sources */,
				B93897C21EFA5C4400231807 /* Translate.swift in Sources */,
				B93897D01EFAC09800231807 /* Message.swift in Sources */,
				B91BFC1D1EFD630300E80B11 /* Favorit.swift in Sources */,
				B93897C81EFAB63C00231807 /* MessageBotTableViewCell.swift in Sources */,
				B93897C41EFA69EC00231807 /* ResponseCode.swift in Sources */,
			);
			runOnlyForDeploymentPostprocessing = 0;
		};
		B93897991EF99E7D00231807 /* Sources */ = {
			isa = PBXSourcesBuildPhase;
			buildActionMask = 2147483647;
			files = (
				B93897A21EF99E7D00231807 /* tBotTests.swift in Sources */,
			);
			runOnlyForDeploymentPostprocessing = 0;
		};
/* End PBXSourcesBuildPhase section */

/* Begin PBXTargetDependency section */
		B938979F1EF99E7D00231807 /* PBXTargetDependency */ = {
			isa = PBXTargetDependency;
			target = B93897881EF99E7C00231807 /* tBot */;
			targetProxy = B938979E1EF99E7D00231807 /* PBXContainerItemProxy */;
		};
/* End PBXTargetDependency section */

/* Begin PBXVariantGroup section */
		B93897901EF99E7C00231807 /* Main.storyboard */ = {
			isa = PBXVariantGroup;
			children = (
				B93897911EF99E7C00231807 /* Base */,
			);
			name = Main.storyboard;
			sourceTree = "<group>";
		};
		B93897951EF99E7C00231807 /* LaunchScreen.storyboard */ = {
			isa = PBXVariantGroup;
			children = (
				B93897961EF99E7C00231807 /* Base */,
			);
			name = LaunchScreen.storyboard;
			sourceTree = "<group>";
		};
/* End PBXVariantGroup section */

/* Begin XCBuildConfiguration section */
		B93897A41EF99E7D00231807 /* Debug */ = {
			isa = XCBuildConfiguration;
			buildSettings = {
				ALWAYS_SEARCH_USER_PATHS = NO;
				CLANG_ANALYZER_NONNULL = YES;
				CLANG_ANALYZER_NUMBER_OBJECT_CONVERSION = YES_AGGRESSIVE;
				CLANG_CXX_LANGUAGE_STANDARD = "gnu++0x";
				CLANG_CXX_LIBRARY = "libc++";
				CLANG_ENABLE_MODULES = YES;
				CLANG_ENABLE_OBJC_ARC = YES;
				CLANG_WARN_BOOL_CONVERSION = YES;
				CLANG_WARN_CONSTANT_CONVERSION = YES;
				CLANG_WARN_DIRECT_OBJC_ISA_USAGE = YES_ERROR;
				CLANG_WARN_DOCUMENTATION_COMMENTS = YES;
				CLANG_WARN_EMPTY_BODY = YES;
				CLANG_WARN_ENUM_CONVERSION = YES;
				CLANG_WARN_INFINITE_RECURSION = YES;
				CLANG_WARN_INT_CONVERSION = YES;
				CLANG_WARN_OBJC_ROOT_CLASS = YES_ERROR;
				CLANG_WARN_SUSPICIOUS_MOVE = YES;
				CLANG_WARN_UNREACHABLE_CODE = YES;
				CLANG_WARN__DUPLICATE_METHOD_MATCH = YES;
				"CODE_SIGN_IDENTITY[sdk=iphoneos*]" = "iPhone Developer";
				COPY_PHASE_STRIP = NO;
				DEBUG_INFORMATION_FORMAT = dwarf;
				ENABLE_STRICT_OBJC_MSGSEND = YES;
				ENABLE_TESTABILITY = YES;
				GCC_C_LANGUAGE_STANDARD = gnu99;
				GCC_DYNAMIC_NO_PIC = NO;
				GCC_NO_COMMON_BLOCKS = YES;
				GCC_OPTIMIZATION_LEVEL = 0;
				GCC_PREPROCESSOR_DEFINITIONS = (
					"DEBUG=1",
					"$(inherited)",
				);
				GCC_WARN_64_TO_32_BIT_CONVERSION = YES;
				GCC_WARN_ABOUT_RETURN_TYPE = YES_ERROR;
				GCC_WARN_UNDECLARED_SELECTOR = YES;
				GCC_WARN_UNINITIALIZED_AUTOS = YES_AGGRESSIVE;
				GCC_WARN_UNUSED_FUNCTION = YES;
				GCC_WARN_UNUSED_VARIABLE = YES;
				IPHONEOS_DEPLOYMENT_TARGET = 10.3;
				MTL_ENABLE_DEBUG_INFO = YES;
				ONLY_ACTIVE_ARCH = YES;
				SDKROOT = iphoneos;
				SWIFT_ACTIVE_COMPILATION_CONDITIONS = DEBUG;
				SWIFT_OPTIMIZATION_LEVEL = "-Onone";
			};
			name = Debug;
		};
		B93897A51EF99E7D00231807 /* Release */ = {
			isa = XCBuildConfiguration;
			buildSettings = {
				ALWAYS_SEARCH_USER_PATHS = NO;
				CLANG_ANALYZER_NONNULL = YES;
				CLANG_ANALYZER_NUMBER_OBJECT_CONVERSION = YES_AGGRESSIVE;
				CLANG_CXX_LANGUAGE_STANDARD = "gnu++0x";
				CLANG_CXX_LIBRARY = "libc++";
				CLANG_ENABLE_MODULES = YES;
				CLANG_ENABLE_OBJC_ARC = YES;
				CLANG_WARN_BOOL_CONVERSION = YES;
				CLANG_WARN_CONSTANT_CONVERSION = YES;
				CLANG_WARN_DIRECT_OBJC_ISA_USAGE = YES_ERROR;
				CLANG_WARN_DOCUMENTATION_COMMENTS = YES;
				CLANG_WARN_EMPTY_BODY = YES;
				CLANG_WARN_ENUM_CONVERSION = YES;
				CLANG_WARN_INFINITE_RECURSION = YES;
				CLANG_WARN_INT_CONVERSION = YES;
				CLANG_WARN_OBJC_ROOT_CLASS = YES_ERROR;
				CLANG_WARN_SUSPICIOUS_MOVE = YES;
				CLANG_WARN_UNREACHABLE_CODE = YES;
				CLANG_WARN__DUPLICATE_METHOD_MATCH = YES;
				"CODE_SIGN_IDENTITY[sdk=iphoneos*]" = "iPhone Developer";
				COPY_PHASE_STRIP = NO;
				DEBUG_INFORMATION_FORMAT = "dwarf-with-dsym";
				ENABLE_NS_ASSERTIONS = NO;
				ENABLE_STRICT_OBJC_MSGSEND = YES;
				GCC_C_LANGUAGE_STANDARD = gnu99;
				GCC_NO_COMMON_BLOCKS = YES;
				GCC_WARN_64_TO_32_BIT_CONVERSION = YES;
				GCC_WARN_ABOUT_RETURN_TYPE = YES_ERROR;
				GCC_WARN_UNDECLARED_SELECTOR = YES;
				GCC_WARN_UNINITIALIZED_AUTOS = YES_AGGRESSIVE;
				GCC_WARN_UNUSED_FUNCTION = YES;
				GCC_WARN_UNUSED_VARIABLE = YES;
				IPHONEOS_DEPLOYMENT_TARGET = 10.3;
				MTL_ENABLE_DEBUG_INFO = NO;
				SDKROOT = iphoneos;
				SWIFT_OPTIMIZATION_LEVEL = "-Owholemodule";
				VALIDATE_PRODUCT = YES;
			};
			name = Release;
		};
		B93897A71EF99E7D00231807 /* Debug */ = {
			isa = XCBuildConfiguration;
			buildSettings = {
				ASSETCATALOG_COMPILER_APPICON_NAME = AppIcon;
				DEVELOPMENT_TEAM = VABTQXHL78;
				FRAMEWORK_SEARCH_PATHS = (
					"$(inherited)",
					"$(PROJECT_DIR)/Carthage/Build/iOS",
				);
				INFOPLIST_FILE = tBot/Info.plist;
				IPHONEOS_DEPLOYMENT_TARGET = 10.0;
				LD_RUNPATH_SEARCH_PATHS = "$(inherited) @executable_path/Frameworks";
				PRODUCT_BUNDLE_IDENTIFIER = "com.github.s-emp.tBot";
				PRODUCT_NAME = "$(TARGET_NAME)";
				SWIFT_VERSION = 3.0;
			};
			name = Debug;
		};
		B93897A81EF99E7D00231807 /* Release */ = {
			isa = XCBuildConfiguration;
			buildSettings = {
				ASSETCATALOG_COMPILER_APPICON_NAME = AppIcon;
				DEVELOPMENT_TEAM = VABTQXHL78;
				FRAMEWORK_SEARCH_PATHS = (
					"$(inherited)",
					"$(PROJECT_DIR)/Carthage/Build/iOS",
				);
				INFOPLIST_FILE = tBot/Info.plist;
				IPHONEOS_DEPLOYMENT_TARGET = 10.0;
				LD_RUNPATH_SEARCH_PATHS = "$(inherited) @executable_path/Frameworks";
				PRODUCT_BUNDLE_IDENTIFIER = "com.github.s-emp.tBot";
				PRODUCT_NAME = "$(TARGET_NAME)";
				SWIFT_VERSION = 3.0;
			};
			name = Release;
		};
		B93897AA1EF99E7D00231807 /* Debug */ = {
			isa = XCBuildConfiguration;
			buildSettings = {
				ALWAYS_EMBED_SWIFT_STANDARD_LIBRARIES = YES;
				BUNDLE_LOADER = "$(TEST_HOST)";
				DEVELOPMENT_TEAM = VABTQXHL78;
				INFOPLIST_FILE = tBotTests/Info.plist;
				LD_RUNPATH_SEARCH_PATHS = "$(inherited) @executable_path/Frameworks @loader_path/Frameworks";
				PRODUCT_BUNDLE_IDENTIFIER = "com.github.s-emp.tBotTests";
				PRODUCT_NAME = "$(TARGET_NAME)";
				SWIFT_VERSION = 3.0;
				TEST_HOST = "$(BUILT_PRODUCTS_DIR)/tBot.app/tBot";
			};
			name = Debug;
		};
		B93897AB1EF99E7D00231807 /* Release */ = {
			isa = XCBuildConfiguration;
			buildSettings = {
				ALWAYS_EMBED_SWIFT_STANDARD_LIBRARIES = YES;
				BUNDLE_LOADER = "$(TEST_HOST)";
				DEVELOPMENT_TEAM = VABTQXHL78;
				INFOPLIST_FILE = tBotTests/Info.plist;
				LD_RUNPATH_SEARCH_PATHS = "$(inherited) @executable_path/Frameworks @loader_path/Frameworks";
				PRODUCT_BUNDLE_IDENTIFIER = "com.github.s-emp.tBotTests";
				PRODUCT_NAME = "$(TARGET_NAME)";
				SWIFT_VERSION = 3.0;
				TEST_HOST = "$(BUILT_PRODUCTS_DIR)/tBot.app/tBot";
			};
			name = Release;
		};
/* End XCBuildConfiguration section */

/* Begin XCConfigurationList section */
		B93897841EF99E7C00231807 /* Build configuration list for PBXProject "tBot" */ = {
			isa = XCConfigurationList;
			buildConfigurations = (
				B93897A41EF99E7D00231807 /* Debug */,
				B93897A51EF99E7D00231807 /* Release */,
			);
			defaultConfigurationIsVisible = 0;
			defaultConfigurationName = Release;
		};
		B93897A61EF99E7D00231807 /* Build configuration list for PBXNativeTarget "tBot" */ = {
			isa = XCConfigurationList;
			buildConfigurations = (
				B93897A71EF99E7D00231807 /* Debug */,
				B93897A81EF99E7D00231807 /* Release */,
			);
			defaultConfigurationIsVisible = 0;
			defaultConfigurationName = Release;
		};
		B93897A91EF99E7D00231807 /* Build configuration list for PBXNativeTarget "tBotTests" */ = {
			isa = XCConfigurationList;
			buildConfigurations = (
				B93897AA1EF99E7D00231807 /* Debug */,
				B93897AB1EF99E7D00231807 /* Release */,
			);
			defaultConfigurationIsVisible = 0;
			defaultConfigurationName = Release;
		};
/* End XCConfigurationList section */
	};
	rootObject = B93897811EF99E7C00231807 /* Project object */;
}
